
Microsoft Visual Studio Solution File, Format Version 12.00
# Visual Studio Version 17
VisualStudioVersion = 17.10.35027.167
MinimumVisualStudioVersion = 10.0.40219.1
Project("{FAE04EC0-301F-11D3-BF4B-00C04F79EFBC}") = "Ajaxsignup", "Ajaxsignup.csproj", "{9881EC63-5F55-4B1C-B3C9-65C4D5350987}"
EndProject
Global
	GlobalSection(SolutionConfigurationPlatforms) = preSolution
		Debug|Any CPU = Debug|Any CPU
		Release|Any CPU = Release|Any CPU
	EndGlobalSection
	GlobalSection(ProjectConfigurationPlatforms) = postSolution
		{9881EC63-5F55-4B1C-B3C9-65C4D5350987}.Debug|Any CPU.ActiveCfg = Debug|Any CPU
		{9881EC63-5F55-4B1C-B3C9-65C4D5350987}.Debug|Any CPU.Build.0 = Debug|Any CPU
		{9881EC63-5F55-4B1C-B3C9-65C4D5350987}.Release|Any CPU.ActiveCfg = Release|Any CPU
		{9881EC63-5F55-4B1C-B3C9-65C4D5350987}.Release|Any CPU.Build.0 = Release|Any CPU
	EndGlobalSection
	GlobalSection(SolutionProperties) = preSolution
		HideSolutionNode = FALSE
	EndGlobalSection
	GlobalSection(ExtensibilityGlobals) = postSolution
		SolutionGuid = {2180E08A-A9A5-446A-9769-5456A372B1EB}
	EndGlobalSection
EndGlobal
